
Microsoft Visual Studio Solution File, Format Version 12.00
# Visual Studio Version 17
VisualStudioVersion = 17.3.32819.101
MinimumVisualStudioVersion = 10.0.40219.1
Project("{9A19103F-16F7-4668-BE54-9A1E7A4F7556}") = "Glüksspiel", "test\Glüksspiel.csproj", "{D35EB604-A265-42D9-8F0C-D809E82098AF}"
EndProject
Global
	GlobalSection(SolutionConfigurationPlatforms) = preSolution
		Debug|Any CPU = Debug|Any CPU
		Release|Any CPU = Release|Any CPU
	EndGlobalSection
	GlobalSection(ProjectConfigurationPlatforms) = postSolution
		{D35EB604-A265-42D9-8F0C-D809E82098AF}.Debug|Any CPU.ActiveCfg = Debug|Any CPU
		{D35EB604-A265-42D9-8F0C-D809E82098AF}.Debug|Any CPU.Build.0 = Debug|Any CPU
		{D35EB604-A265-42D9-8F0C-D809E82098AF}.Release|Any CPU.ActiveCfg = Release|Any CPU
		{D35EB604-A265-42D9-8F0C-D809E82098AF}.Release|Any CPU.Build.0 = Release|Any CPU
	EndGlobalSection
	GlobalSection(SolutionProperties) = preSolution
		HideSolutionNode = FALSE
	EndGlobalSection
	GlobalSection(ExtensibilityGlobals) = postSolution
		SolutionGuid = {4A17FD9B-CD7E-463F-8F0B-6F50F964828B}
	EndGlobalSection
EndGlobal
